
Microsoft Visual Studio Solution File, Format Version 12.00
# Visual Studio Version 16
VisualStudioVersion = 16.0.29306.81
MinimumVisualStudioVersion = 10.0.40219.1
Project("{FAE04EC0-301F-11D3-BF4B-00C04F79EFBC}") = "ExternalTEST", "ExternalTEST\ExternalTEST.csproj", "{BDB20E07-E627-4C13-A6E9-AA5F3D9CBA5D}"
EndProject
Project("{FAE04EC0-301F-11D3-BF4B-00C04F79EFBC}") = "ExternalConsume", "..\ExternalConsume\ExternalConsume.csproj", "{FC82F5B4-9076-4250-957F-D9C44F0F9CB2}"
EndProject
Global
	GlobalSection(SolutionConfigurationPlatforms) = preSolution
		Debug|Any CPU = Debug|Any CPU
		Release|Any CPU = Release|Any CPU
	EndGlobalSection
	GlobalSection(ProjectConfigurationPlatforms) = postSolution
		{BDB20E07-E627-4C13-A6E9-AA5F3D9CBA5D}.Debug|Any CPU.ActiveCfg = Debug|Any CPU
		{BDB20E07-E627-4C13-A6E9-AA5F3D9CBA5D}.Debug|Any CPU.Build.0 = Debug|Any CPU
		{BDB20E07-E627-4C13-A6E9-AA5F3D9CBA5D}.Release|Any CPU.ActiveCfg = Release|Any CPU
		{BDB20E07-E627-4C13-A6E9-AA5F3D9CBA5D}.Release|Any CPU.Build.0 = Release|Any CPU
		{FC82F5B4-9076-4250-957F-D9C44F0F9CB2}.Debug|Any CPU.ActiveCfg = Debug|Any CPU
		{FC82F5B4-9076-4250-957F-D9C44F0F9CB2}.Debug|Any CPU.Build.0 = Debug|Any CPU
		{FC82F5B4-9076-4250-957F-D9C44F0F9CB2}.Release|Any CPU.ActiveCfg = Release|Any CPU
		{FC82F5B4-9076-4250-957F-D9C44F0F9CB2}.Release|Any CPU.Build.0 = Release|Any CPU
	EndGlobalSection
	GlobalSection(SolutionProperties) = preSolution
		HideSolutionNode = FALSE
	EndGlobalSection
	GlobalSection(ExtensibilityGlobals) = postSolution
		SolutionGuid = {705365BD-C3D9-4257-993A-AD3BA45E4AEB}
	EndGlobalSection
EndGlobal
