
Microsoft Visual Studio Solution File, Format Version 12.00
# Visual Studio Version 16
VisualStudioVersion = 16.0.29215.179
MinimumVisualStudioVersion = 10.0.40219.1
Project("{FAE04EC0-301F-11D3-BF4B-00C04F79EFBC}") = "11-09-19_Exercise", "11-09-19_Exercise\11-09-19_Exercise.csproj", "{285040AF-6171-463A-B6BA-0DF411C2D0CC}"
EndProject
Global
	GlobalSection(SolutionConfigurationPlatforms) = preSolution
		Debug|Any CPU = Debug|Any CPU
		Release|Any CPU = Release|Any CPU
	EndGlobalSection
	GlobalSection(ProjectConfigurationPlatforms) = postSolution
		{285040AF-6171-463A-B6BA-0DF411C2D0CC}.Debug|Any CPU.ActiveCfg = Debug|Any CPU
		{285040AF-6171-463A-B6BA-0DF411C2D0CC}.Debug|Any CPU.Build.0 = Debug|Any CPU
		{285040AF-6171-463A-B6BA-0DF411C2D0CC}.Release|Any CPU.ActiveCfg = Release|Any CPU
		{285040AF-6171-463A-B6BA-0DF411C2D0CC}.Release|Any CPU.Build.0 = Release|Any CPU
	EndGlobalSection
	GlobalSection(SolutionProperties) = preSolution
		HideSolutionNode = FALSE
	EndGlobalSection
	GlobalSection(ExtensibilityGlobals) = postSolution
		SolutionGuid = {9E16C3DC-1F8C-4523-A966-3103264CE4F1}
	EndGlobalSection
EndGlobal
