
Microsoft Visual Studio Solution File, Format Version 12.00
# Visual Studio Version 16
VisualStudioVersion = 16.0.29306.81
MinimumVisualStudioVersion = 10.0.40219.1
Project("{FAE04EC0-301F-11D3-BF4B-00C04F79EFBC}") = "MyDemoCrud", "MyDemoCrud.csproj", "{87E37E8D-688E-491C-8D29-1CFA70D025CF}"
EndProject
Global
	GlobalSection(SolutionConfigurationPlatforms) = preSolution
		Debug|Any CPU = Debug|Any CPU
		Release|Any CPU = Release|Any CPU
	EndGlobalSection
	GlobalSection(ProjectConfigurationPlatforms) = postSolution
		{87E37E8D-688E-491C-8D29-1CFA70D025CF}.Debug|Any CPU.ActiveCfg = Debug|Any CPU
		{87E37E8D-688E-491C-8D29-1CFA70D025CF}.Debug|Any CPU.Build.0 = Debug|Any CPU
		{87E37E8D-688E-491C-8D29-1CFA70D025CF}.Release|Any CPU.ActiveCfg = Release|Any CPU
		{87E37E8D-688E-491C-8D29-1CFA70D025CF}.Release|Any CPU.Build.0 = Release|Any CPU
	EndGlobalSection
	GlobalSection(SolutionProperties) = preSolution
		HideSolutionNode = FALSE
	EndGlobalSection
	GlobalSection(ExtensibilityGlobals) = postSolution
		SolutionGuid = {2CDA8D16-D834-4B25-9D69-84EF3C79BF36}
	EndGlobalSection
EndGlobal
