
Microsoft Visual Studio Solution File, Format Version 12.00
# Visual Studio 15
VisualStudioVersion = 15.0.28307.779
MinimumVisualStudioVersion = 10.0.40219.1
Project("{FAE04EC0-301F-11D3-BF4B-00C04F79EFBC}") = "ChatRoomApplication", "ChatRoomApplication\ChatRoomApplication.csproj", "{CAFD7B82-CE5A-4914-BF8E-661C6A156B5C}"
EndProject
Global
	GlobalSection(SolutionConfigurationPlatforms) = preSolution
		Debug|Any CPU = Debug|Any CPU
		Debug|Mixed Platforms = Debug|Mixed Platforms
		Debug|x86 = Debug|x86
		Release|Any CPU = Release|Any CPU
		Release|Mixed Platforms = Release|Mixed Platforms
		Release|x86 = Release|x86
	EndGlobalSection
	GlobalSection(ProjectConfigurationPlatforms) = postSolution
		{CAFD7B82-CE5A-4914-BF8E-661C6A156B5C}.Debug|Any CPU.ActiveCfg = Debug|Any CPU
		{CAFD7B82-CE5A-4914-BF8E-661C6A156B5C}.Debug|Any CPU.Build.0 = Debug|Any CPU
		{CAFD7B82-CE5A-4914-BF8E-661C6A156B5C}.Debug|Mixed Platforms.ActiveCfg = Debug|Any CPU
		{CAFD7B82-CE5A-4914-BF8E-661C6A156B5C}.Debug|Mixed Platforms.Build.0 = Debug|Any CPU
		{CAFD7B82-CE5A-4914-BF8E-661C6A156B5C}.Debug|x86.ActiveCfg = Debug|Any CPU
		{CAFD7B82-CE5A-4914-BF8E-661C6A156B5C}.Release|Any CPU.ActiveCfg = Release|Any CPU
		{CAFD7B82-CE5A-4914-BF8E-661C6A156B5C}.Release|Any CPU.Build.0 = Release|Any CPU
		{CAFD7B82-CE5A-4914-BF8E-661C6A156B5C}.Release|Mixed Platforms.ActiveCfg = Release|Any CPU
		{CAFD7B82-CE5A-4914-BF8E-661C6A156B5C}.Release|Mixed Platforms.Build.0 = Release|Any CPU
		{CAFD7B82-CE5A-4914-BF8E-661C6A156B5C}.Release|x86.ActiveCfg = Release|Any CPU
	EndGlobalSection
	GlobalSection(SolutionProperties) = preSolution
		HideSolutionNode = FALSE
	EndGlobalSection
	GlobalSection(ExtensibilityGlobals) = postSolution
		SolutionGuid = {9E9D0658-5DBB-4031-BB3E-5F79B588659D}
	EndGlobalSection
EndGlobal
