
Microsoft Visual Studio Solution File, Format Version 12.00
# Visual Studio Version 16
VisualStudioVersion = 16.0.29306.81
MinimumVisualStudioVersion = 10.0.40219.1
Project("{FAE04EC0-301F-11D3-BF4B-00C04F79EFBC}") = "CoreApplication", "CoreApplication\CoreApplication.csproj", "{97307892-D1FE-40F8-9FDD-8597E5973AE1}"
EndProject
Global
	GlobalSection(SolutionConfigurationPlatforms) = preSolution
		Debug|Any CPU = Debug|Any CPU
		Release|Any CPU = Release|Any CPU
	EndGlobalSection
	GlobalSection(ProjectConfigurationPlatforms) = postSolution
		{97307892-D1FE-40F8-9FDD-8597E5973AE1}.Debug|Any CPU.ActiveCfg = Debug|Any CPU
		{97307892-D1FE-40F8-9FDD-8597E5973AE1}.Debug|Any CPU.Build.0 = Debug|Any CPU
		{97307892-D1FE-40F8-9FDD-8597E5973AE1}.Release|Any CPU.ActiveCfg = Release|Any CPU
		{97307892-D1FE-40F8-9FDD-8597E5973AE1}.Release|Any CPU.Build.0 = Release|Any CPU
	EndGlobalSection
	GlobalSection(SolutionProperties) = preSolution
		HideSolutionNode = FALSE
	EndGlobalSection
	GlobalSection(ExtensibilityGlobals) = postSolution
		SolutionGuid = {54A51CD0-3D82-4F70-B990-42FC8ED03021}
	EndGlobalSection
EndGlobal
