
Microsoft Visual Studio Solution File, Format Version 12.00
# Visual Studio Version 16
VisualStudioVersion = 16.0.29306.81
MinimumVisualStudioVersion = 10.0.40219.1
Project("{FAE04EC0-301F-11D3-BF4B-00C04F79EFBC}") = "DependencyExample", "DependencyExample\DependencyExample.csproj", "{9C9108AE-C090-4BC0-AF6D-CEFB8C66F905}"
EndProject
Global
	GlobalSection(SolutionConfigurationPlatforms) = preSolution
		Debug|Any CPU = Debug|Any CPU
		Release|Any CPU = Release|Any CPU
	EndGlobalSection
	GlobalSection(ProjectConfigurationPlatforms) = postSolution
		{9C9108AE-C090-4BC0-AF6D-CEFB8C66F905}.Debug|Any CPU.ActiveCfg = Debug|Any CPU
		{9C9108AE-C090-4BC0-AF6D-CEFB8C66F905}.Debug|Any CPU.Build.0 = Debug|Any CPU
		{9C9108AE-C090-4BC0-AF6D-CEFB8C66F905}.Release|Any CPU.ActiveCfg = Release|Any CPU
		{9C9108AE-C090-4BC0-AF6D-CEFB8C66F905}.Release|Any CPU.Build.0 = Release|Any CPU
	EndGlobalSection
	GlobalSection(SolutionProperties) = preSolution
		HideSolutionNode = FALSE
	EndGlobalSection
	GlobalSection(ExtensibilityGlobals) = postSolution
		SolutionGuid = {F0D6A04D-0DD3-4EE7-9CB2-2BEF792EB61D}
	EndGlobalSection
EndGlobal
