
Microsoft Visual Studio Solution File, Format Version 12.00
# Visual Studio Version 16
VisualStudioVersion = 16.0.29215.179
MinimumVisualStudioVersion = 10.0.40219.1
Project("{FAE04EC0-301F-11D3-BF4B-00C04F79EFBC}") = "11_09_19_Exercise2", "11_09_19_Exercise2\11_09_19_Exercise2.csproj", "{707F8558-2A4B-475C-A4E3-6D24B8E68434}"
EndProject
Global
	GlobalSection(SolutionConfigurationPlatforms) = preSolution
		Debug|Any CPU = Debug|Any CPU
		Release|Any CPU = Release|Any CPU
	EndGlobalSection
	GlobalSection(ProjectConfigurationPlatforms) = postSolution
		{707F8558-2A4B-475C-A4E3-6D24B8E68434}.Debug|Any CPU.ActiveCfg = Debug|Any CPU
		{707F8558-2A4B-475C-A4E3-6D24B8E68434}.Debug|Any CPU.Build.0 = Debug|Any CPU
		{707F8558-2A4B-475C-A4E3-6D24B8E68434}.Release|Any CPU.ActiveCfg = Release|Any CPU
		{707F8558-2A4B-475C-A4E3-6D24B8E68434}.Release|Any CPU.Build.0 = Release|Any CPU
	EndGlobalSection
	GlobalSection(SolutionProperties) = preSolution
		HideSolutionNode = FALSE
	EndGlobalSection
	GlobalSection(ExtensibilityGlobals) = postSolution
		SolutionGuid = {62BBCCC6-1651-4920-BA72-738A4A970848}
	EndGlobalSection
EndGlobal
