
Microsoft Visual Studio Solution File, Format Version 12.00
# Visual Studio Version 16
VisualStudioVersion = 16.0.29306.81
MinimumVisualStudioVersion = 10.0.40219.1
Project("{FAE04EC0-301F-11D3-BF4B-00C04F79EFBC}") = "WebApplication2", "WebApplication2\WebApplication2.csproj", "{7F92AB99-C8C7-42C9-8D3F-43F4A4C1D8C8}"
EndProject
Project("{FAE04EC0-301F-11D3-BF4B-00C04F79EFBC}") = "API2", "API2\API2.csproj", "{C12EF250-6244-45C1-AA0B-0FAC4B5C05EA}"
EndProject
Global
	GlobalSection(SolutionConfigurationPlatforms) = preSolution
		Debug|Any CPU = Debug|Any CPU
		Release|Any CPU = Release|Any CPU
	EndGlobalSection
	GlobalSection(ProjectConfigurationPlatforms) = postSolution
		{7F92AB99-C8C7-42C9-8D3F-43F4A4C1D8C8}.Debug|Any CPU.ActiveCfg = Debug|Any CPU
		{7F92AB99-C8C7-42C9-8D3F-43F4A4C1D8C8}.Debug|Any CPU.Build.0 = Debug|Any CPU
		{7F92AB99-C8C7-42C9-8D3F-43F4A4C1D8C8}.Release|Any CPU.ActiveCfg = Release|Any CPU
		{7F92AB99-C8C7-42C9-8D3F-43F4A4C1D8C8}.Release|Any CPU.Build.0 = Release|Any CPU
		{C12EF250-6244-45C1-AA0B-0FAC4B5C05EA}.Debug|Any CPU.ActiveCfg = Debug|Any CPU
		{C12EF250-6244-45C1-AA0B-0FAC4B5C05EA}.Debug|Any CPU.Build.0 = Debug|Any CPU
		{C12EF250-6244-45C1-AA0B-0FAC4B5C05EA}.Release|Any CPU.ActiveCfg = Release|Any CPU
		{C12EF250-6244-45C1-AA0B-0FAC4B5C05EA}.Release|Any CPU.Build.0 = Release|Any CPU
	EndGlobalSection
	GlobalSection(SolutionProperties) = preSolution
		HideSolutionNode = FALSE
	EndGlobalSection
	GlobalSection(ExtensibilityGlobals) = postSolution
		SolutionGuid = {0399B1DB-B401-4988-BB13-27EE3C7985B6}
	EndGlobalSection
EndGlobal
