
Microsoft Visual Studio Solution File, Format Version 12.00
# Visual Studio 14
VisualStudioVersion = 14.0.25420.1
MinimumVisualStudioVersion = 10.0.40219.1
Project("{FAE04EC0-301F-11D3-BF4B-00C04F79EFBC}") = "MVC_CRUD_TUT", "MVC_CRUD_TUT\MVC_CRUD_TUT.csproj", "{74655227-86FC-4193-B81F-49801D5AE4DE}"
EndProject
Global
	GlobalSection(SolutionConfigurationPlatforms) = preSolution
		Debug|Any CPU = Debug|Any CPU
		Release|Any CPU = Release|Any CPU
	EndGlobalSection
	GlobalSection(ProjectConfigurationPlatforms) = postSolution
		{74655227-86FC-4193-B81F-49801D5AE4DE}.Debug|Any CPU.ActiveCfg = Debug|Any CPU
		{74655227-86FC-4193-B81F-49801D5AE4DE}.Debug|Any CPU.Build.0 = Debug|Any CPU
		{74655227-86FC-4193-B81F-49801D5AE4DE}.Release|Any CPU.ActiveCfg = Release|Any CPU
		{74655227-86FC-4193-B81F-49801D5AE4DE}.Release|Any CPU.Build.0 = Release|Any CPU
	EndGlobalSection
	GlobalSection(SolutionProperties) = preSolution
		HideSolutionNode = FALSE
	EndGlobalSection
EndGlobal
