
Microsoft Visual Studio Solution File, Format Version 12.00
# Visual Studio Version 16
VisualStudioVersion = 16.0.29306.81
MinimumVisualStudioVersion = 10.0.40219.1
Project("{FAE04EC0-301F-11D3-BF4B-00C04F79EFBC}") = "DhavalSirCoreMVCOrganization", "DhavalSirCoreMVCOrganization.csproj", "{1279344B-8189-49A3-9413-5E67176EF362}"
EndProject
Global
	GlobalSection(SolutionConfigurationPlatforms) = preSolution
		Debug|Any CPU = Debug|Any CPU
		Release|Any CPU = Release|Any CPU
	EndGlobalSection
	GlobalSection(ProjectConfigurationPlatforms) = postSolution
		{1279344B-8189-49A3-9413-5E67176EF362}.Debug|Any CPU.ActiveCfg = Debug|Any CPU
		{1279344B-8189-49A3-9413-5E67176EF362}.Debug|Any CPU.Build.0 = Debug|Any CPU
		{1279344B-8189-49A3-9413-5E67176EF362}.Release|Any CPU.ActiveCfg = Release|Any CPU
		{1279344B-8189-49A3-9413-5E67176EF362}.Release|Any CPU.Build.0 = Release|Any CPU
	EndGlobalSection
	GlobalSection(SolutionProperties) = preSolution
		HideSolutionNode = FALSE
	EndGlobalSection
	GlobalSection(ExtensibilityGlobals) = postSolution
		SolutionGuid = {6B722709-C8EC-487A-8D9E-CBA93F005900}
	EndGlobalSection
EndGlobal
